
Microsoft Visual Studio Solution File, Format Version 12.00
# Visual Studio Version 16
VisualStudioVersion = 16.0.29123.88
MinimumVisualStudioVersion = 10.0.40219.1
Project("{9A19103F-16F7-4668-BE54-9A1E7A4F7556}") = "RYH.QueryPool.Core", "RYH.QueryPool.Core\RYH.QueryPool.Core.csproj", "{50C7EA69-2ADD-4547-BEB2-FEA0270EF13A}"
EndProject
Project("{9A19103F-16F7-4668-BE54-9A1E7A4F7556}") = "ConsoleExample", "ConsoleExample\ConsoleExample.csproj", "{8CFD0C47-0993-4F54-85A3-8DE572A459EC}"
EndProject
Global
	GlobalSection(SolutionConfigurationPlatforms) = preSolution
		Debug|Any CPU = Debug|Any CPU
		Release|Any CPU = Release|Any CPU
	EndGlobalSection
	GlobalSection(ProjectConfigurationPlatforms) = postSolution
		{50C7EA69-2ADD-4547-BEB2-FEA0270EF13A}.Debug|Any CPU.ActiveCfg = Debug|Any CPU
		{50C7EA69-2ADD-4547-BEB2-FEA0270EF13A}.Debug|Any CPU.Build.0 = Debug|Any CPU
		{50C7EA69-2ADD-4547-BEB2-FEA0270EF13A}.Release|Any CPU.ActiveCfg = Release|Any CPU
		{50C7EA69-2ADD-4547-BEB2-FEA0270EF13A}.Release|Any CPU.Build.0 = Release|Any CPU
		{8CFD0C47-0993-4F54-85A3-8DE572A459EC}.Debug|Any CPU.ActiveCfg = Debug|Any CPU
		{8CFD0C47-0993-4F54-85A3-8DE572A459EC}.Debug|Any CPU.Build.0 = Debug|Any CPU
		{8CFD0C47-0993-4F54-85A3-8DE572A459EC}.Release|Any CPU.ActiveCfg = Release|Any CPU
		{8CFD0C47-0993-4F54-85A3-8DE572A459EC}.Release|Any CPU.Build.0 = Release|Any CPU
	EndGlobalSection
	GlobalSection(SolutionProperties) = preSolution
		HideSolutionNode = FALSE
	EndGlobalSection
	GlobalSection(ExtensibilityGlobals) = postSolution
		SolutionGuid = {6751DD64-C381-422A-8DD7-FA6DD7177FE2}
	EndGlobalSection
EndGlobal
